github.com/wzshiming/winseq v0.0.0-20200112104235-db357dc107ae h1:tpXvBXC3hpQBDCc9OojJZCQMVRAbT3TTdUMP8WguXkY=
github.com/wzshiming/winseq v0.0.0-20200112104235-db357dc107ae/go.mod h1:VTAq37rkGeV+WOybvZwjXiJOicICdpLCN8ifpISjK20=
golang.org/x/sys v0.0.0-20200107162124-548cf772de50 h1:YvQ10rzcqWXLlJZ3XCUoO25savxmscf4+SC+ZqiCHhA=
golang.org/x/sys v0.0.0-20200107162124-548cf772de50/go.mod h1:h1NjWce9XRLGQEsW7wpKNCjG9DtNlClVuFLEZdDNbEs=
